
Microsoft Visual Studio Solution File, Format Version 12.00
# Visual Studio 2013
VisualStudioVersion = 12.0.40629.0
MinimumVisualStudioVersion = 10.0.40219.1
Project("{8BC9CEB8-8B4A-11D0-8D11-00A0C91BC942}") = "DominoEditor", "DominoEditor\DominoEditor.vcxproj", "{B12702AD-ABFB-343A-A199-8E24837244A3}"
	ProjectSection(ProjectDependencies) = postProject
		{8AFC43C6-D4AA-4362-898A-6617CC498E7D} = {8AFC43C6-D4AA-4362-898A-6617CC498E7D}
		{89947AE0-3705-496C-9E3F-799F0FEAAEF1} = {89947AE0-3705-496C-9E3F-799F0FEAAEF1}
		{5A3806E6-5D46-446C-BF5C-138493EABACB} = {5A3806E6-5D46-446C-BF5C-138493EABACB}
	EndProjectSection
EndProject
Project("{8BC9CEB8-8B4A-11D0-8D11-00A0C91BC942}") = "BulletDynamics", "..\..\..\..\..\..\Development Libraries\BulletSDk 3\src\BulletDynamics\BulletDynamics.vcxproj", "{89947AE0-3705-496C-9E3F-799F0FEAAEF1}"
EndProject
Project("{8BC9CEB8-8B4A-11D0-8D11-00A0C91BC942}") = "LinearMath", "..\..\..\..\..\..\Development Libraries\BulletSDk 3\src\LinearMath\LinearMath.vcxproj", "{8AFC43C6-D4AA-4362-898A-6617CC498E7D}"
EndProject
Project("{8BC9CEB8-8B4A-11D0-8D11-00A0C91BC942}") = "BulletCollision", "..\..\..\..\..\..\Development Libraries\BulletSDk 3\src\BulletCollision\BulletCollision.vcxproj", "{5A3806E6-5D46-446C-BF5C-138493EABACB}"
EndProject
Global
	GlobalSection(SolutionConfigurationPlatforms) = preSolution
		Debug|Win32 = Debug|Win32
		MinSizeRel|Win32 = MinSizeRel|Win32
		Release|Win32 = Release|Win32
		RelWithDebInfo|Win32 = RelWithDebInfo|Win32
	EndGlobalSection
	GlobalSection(ProjectConfigurationPlatforms) = postSolution
		{B12702AD-ABFB-343A-A199-8E24837244A3}.Debug|Win32.ActiveCfg = Debug|Win32
		{B12702AD-ABFB-343A-A199-8E24837244A3}.Debug|Win32.Build.0 = Debug|Win32
		{B12702AD-ABFB-343A-A199-8E24837244A3}.MinSizeRel|Win32.ActiveCfg = Release|Win32
		{B12702AD-ABFB-343A-A199-8E24837244A3}.MinSizeRel|Win32.Build.0 = Release|Win32
		{B12702AD-ABFB-343A-A199-8E24837244A3}.Release|Win32.ActiveCfg = Release|Win32
		{B12702AD-ABFB-343A-A199-8E24837244A3}.Release|Win32.Build.0 = Release|Win32
		{B12702AD-ABFB-343A-A199-8E24837244A3}.RelWithDebInfo|Win32.ActiveCfg = Release|Win32
		{B12702AD-ABFB-343A-A199-8E24837244A3}.RelWithDebInfo|Win32.Build.0 = Release|Win32
		{89947AE0-3705-496C-9E3F-799F0FEAAEF1}.Debug|Win32.ActiveCfg = Debug|Win32
		{89947AE0-3705-496C-9E3F-799F0FEAAEF1}.Debug|Win32.Build.0 = Debug|Win32
		{89947AE0-3705-496C-9E3F-799F0FEAAEF1}.MinSizeRel|Win32.ActiveCfg = MinSizeRel|Win32
		{89947AE0-3705-496C-9E3F-799F0FEAAEF1}.MinSizeRel|Win32.Build.0 = MinSizeRel|Win32
		{89947AE0-3705-496C-9E3F-799F0FEAAEF1}.Release|Win32.ActiveCfg = Release|Win32
		{89947AE0-3705-496C-9E3F-799F0FEAAEF1}.Release|Win32.Build.0 = Release|Win32
		{89947AE0-3705-496C-9E3F-799F0FEAAEF1}.RelWithDebInfo|Win32.ActiveCfg = RelWithDebInfo|Win32
		{89947AE0-3705-496C-9E3F-799F0FEAAEF1}.RelWithDebInfo|Win32.Build.0 = RelWithDebInfo|Win32
		{8AFC43C6-D4AA-4362-898A-6617CC498E7D}.Debug|Win32.ActiveCfg = Debug|Win32
		{8AFC43C6-D4AA-4362-898A-6617CC498E7D}.Debug|Win32.Build.0 = Debug|Win32
		{8AFC43C6-D4AA-4362-898A-6617CC498E7D}.MinSizeRel|Win32.ActiveCfg = MinSizeRel|Win32
		{8AFC43C6-D4AA-4362-898A-6617CC498E7D}.MinSizeRel|Win32.Build.0 = MinSizeRel|Win32
		{8AFC43C6-D4AA-4362-898A-6617CC498E7D}.Release|Win32.ActiveCfg = Release|Win32
		{8AFC43C6-D4AA-4362-898A-6617CC498E7D}.Release|Win32.Build.0 = Release|Win32
		{8AFC43C6-D4AA-4362-898A-6617CC498E7D}.RelWithDebInfo|Win32.ActiveCfg = RelWithDebInfo|Win32
		{8AFC43C6-D4AA-4362-898A-6617CC498E7D}.RelWithDebInfo|Win32.Build.0 = RelWithDebInfo|Win32
		{5A3806E6-5D46-446C-BF5C-138493EABACB}.Debug|Win32.ActiveCfg = Debug|Win32
		{5A3806E6-5D46-446C-BF5C-138493EABACB}.Debug|Win32.Build.0 = Debug|Win32
		{5A3806E6-5D46-446C-BF5C-138493EABACB}.MinSizeRel|Win32.ActiveCfg = MinSizeRel|Win32
		{5A3806E6-5D46-446C-BF5C-138493EABACB}.MinSizeRel|Win32.Build.0 = MinSizeRel|Win32
		{5A3806E6-5D46-446C-BF5C-138493EABACB}.Release|Win32.ActiveCfg = Release|Win32
		{5A3806E6-5D46-446C-BF5C-138493EABACB}.Release|Win32.Build.0 = Release|Win32
		{5A3806E6-5D46-446C-BF5C-138493EABACB}.RelWithDebInfo|Win32.ActiveCfg = RelWithDebInfo|Win32
		{5A3806E6-5D46-446C-BF5C-138493EABACB}.RelWithDebInfo|Win32.Build.0 = RelWithDebInfo|Win32
	EndGlobalSection
	GlobalSection(SolutionProperties) = preSolution
		HideSolutionNode = FALSE
	EndGlobalSection
EndGlobal
